
Microsoft Visual Studio Solution File, Format Version 12.00
# Visual Studio Version 17
VisualStudioVersion = 17.11.35327.3
MinimumVisualStudioVersion = 10.0.40219.1
Project("{FAE04EC0-301F-11D3-BF4B-00C04F79EFBC}") = "mreyesS3B", "mreyesS3B\mreyesS3B.csproj", "{251AA9E9-46D1-4C9F-8203-BA788A571DE8}"
EndProject
Global
	GlobalSection(SolutionConfigurationPlatforms) = preSolution
		Debug|Any CPU = Debug|Any CPU
		Release|Any CPU = Release|Any CPU
	EndGlobalSection
	GlobalSection(ProjectConfigurationPlatforms) = postSolution
		{251AA9E9-46D1-4C9F-8203-BA788A571DE8}.Debug|Any CPU.ActiveCfg = Debug|Any CPU
		{251AA9E9-46D1-4C9F-8203-BA788A571DE8}.Debug|Any CPU.Build.0 = Debug|Any CPU
		{251AA9E9-46D1-4C9F-8203-BA788A571DE8}.Debug|Any CPU.Deploy.0 = Debug|Any CPU
		{251AA9E9-46D1-4C9F-8203-BA788A571DE8}.Release|Any CPU.ActiveCfg = Release|Any CPU
		{251AA9E9-46D1-4C9F-8203-BA788A571DE8}.Release|Any CPU.Build.0 = Release|Any CPU
		{251AA9E9-46D1-4C9F-8203-BA788A571DE8}.Release|Any CPU.Deploy.0 = Release|Any CPU
	EndGlobalSection
	GlobalSection(SolutionProperties) = preSolution
		HideSolutionNode = FALSE
	EndGlobalSection
	GlobalSection(ExtensibilityGlobals) = postSolution
		SolutionGuid = {5F5CA21C-8E8F-4771-B128-26068FE33B4F}
	EndGlobalSection
EndGlobal
